
Microsoft Visual Studio Solution File, Format Version 12.00
# Visual Studio Version 17
VisualStudioVersion = 17.3.32929.385
MinimumVisualStudioVersion = 10.0.40219.1
Project("{FAE04EC0-301F-11D3-BF4B-00C04F79EFBC}") = "ISpan.EStore", "ISpan.EStore\ISpan.EStore.csproj", "{A2F771F6-BC41-4461-9986-54EE48205150}"
EndProject
Global
	GlobalSection(SolutionConfigurationPlatforms) = preSolution
		Debug|Any CPU = Debug|Any CPU
		Release|Any CPU = Release|Any CPU
	EndGlobalSection
	GlobalSection(ProjectConfigurationPlatforms) = postSolution
		{A2F771F6-BC41-4461-9986-54EE48205150}.Debug|Any CPU.ActiveCfg = Debug|Any CPU
		{A2F771F6-BC41-4461-9986-54EE48205150}.Debug|Any CPU.Build.0 = Debug|Any CPU
		{A2F771F6-BC41-4461-9986-54EE48205150}.Release|Any CPU.ActiveCfg = Release|Any CPU
		{A2F771F6-BC41-4461-9986-54EE48205150}.Release|Any CPU.Build.0 = Release|Any CPU
	EndGlobalSection
	GlobalSection(SolutionProperties) = preSolution
		HideSolutionNode = FALSE
	EndGlobalSection
	GlobalSection(ExtensibilityGlobals) = postSolution
		SolutionGuid = {0B34F597-4DE2-4EDB-86BA-A494F8854CEB}
	EndGlobalSection
EndGlobal
